
Microsoft Visual Studio Solution File, Format Version 12.00
# Visual Studio 15
VisualStudioVersion = 15.0.26730.8
MinimumVisualStudioVersion = 10.0.40219.1
Project("{9092AA53-FB77-4645-B42D-1CCCA6BD08BD}") = "Muvic", "Muvic\Muvic.njsproj", "{9C552CDC-C642-4326-9363-DC48BFB965C9}"
EndProject
Global
	GlobalSection(SolutionConfigurationPlatforms) = preSolution
		Debug|Any CPU = Debug|Any CPU
		Release|Any CPU = Release|Any CPU
	EndGlobalSection
	GlobalSection(ProjectConfigurationPlatforms) = postSolution
		{9C552CDC-C642-4326-9363-DC48BFB965C9}.Debug|Any CPU.ActiveCfg = Debug|Any CPU
		{9C552CDC-C642-4326-9363-DC48BFB965C9}.Debug|Any CPU.Build.0 = Debug|Any CPU
		{9C552CDC-C642-4326-9363-DC48BFB965C9}.Release|Any CPU.ActiveCfg = Release|Any CPU
		{9C552CDC-C642-4326-9363-DC48BFB965C9}.Release|Any CPU.Build.0 = Release|Any CPU
	EndGlobalSection
	GlobalSection(SolutionProperties) = preSolution
		HideSolutionNode = FALSE
	EndGlobalSection
	GlobalSection(ExtensibilityGlobals) = postSolution
		SolutionGuid = {44C56BA6-B58E-478E-B35A-8B24D32F9A15}
	EndGlobalSection
EndGlobal
